
Microsoft Visual Studio Solution File, Format Version 12.00
# Visual Studio Version 16
VisualStudioVersion = 16.0.30717.126
MinimumVisualStudioVersion = 10.0.40219.1
Project("{FAE04EC0-301F-11D3-BF4B-00C04F79EFBC}") = "MeterReadingClient", "MeterReadingClient.csproj", "{ED04F3F0-CB1F-476F-9E7F-19AE851D7A4D}"
EndProject
Global
	GlobalSection(SolutionConfigurationPlatforms) = preSolution
		Debug|Any CPU = Debug|Any CPU
		Release|Any CPU = Release|Any CPU
	EndGlobalSection
	GlobalSection(ProjectConfigurationPlatforms) = postSolution
		{ED04F3F0-CB1F-476F-9E7F-19AE851D7A4D}.Debug|Any CPU.ActiveCfg = Debug|Any CPU
		{ED04F3F0-CB1F-476F-9E7F-19AE851D7A4D}.Debug|Any CPU.Build.0 = Debug|Any CPU
		{ED04F3F0-CB1F-476F-9E7F-19AE851D7A4D}.Release|Any CPU.ActiveCfg = Release|Any CPU
		{ED04F3F0-CB1F-476F-9E7F-19AE851D7A4D}.Release|Any CPU.Build.0 = Release|Any CPU
	EndGlobalSection
	GlobalSection(SolutionProperties) = preSolution
		HideSolutionNode = FALSE
	EndGlobalSection
	GlobalSection(ExtensibilityGlobals) = postSolution
		SolutionGuid = {3238DD31-E0ED-43D7-9CE2-1D2B26BA4748}
	EndGlobalSection
EndGlobal
